
Microsoft Visual Studio Solution File, Format Version 12.00
# Visual Studio Version 18
VisualStudioVersion = 18.0.11222.15
MinimumVisualStudioVersion = 10.0.40219.1
Project("{FAE04EC0-301F-11D3-BF4B-00C04F79EFBC}") = "AcademicERP", "PivotalERP\AcademicERP.csproj", "{510CE021-A41E-42C9-B5CF-487D90586063}"
EndProject
Project("{2150E333-8FDC-42A3-9474-1A3956D46DE8}") = "Solution Items", "Solution Items", "{E7CDD759-4AB4-428B-9F4F-38607D6FA7B2}"
	ProjectSection(SolutionItems) = preProject
		.editorconfig = .editorconfig
	EndProjectSection
EndProject
Project("{FAE04EC0-301F-11D3-BF4B-00C04F79EFBC}") = "AcademicLib", "AcademicLib\AcademicLib.csproj", "{4CFD9285-889D-4E95-A709-3735487ACD4E}"
EndProject
Project("{FAE04EC0-301F-11D3-BF4B-00C04F79EFBC}") = "ReportTemplateSource", "ReportTemplateSource\ReportTemplateSource.csproj", "{05B8EC03-29A1-4C48-8011-7F9E8325656B}"
EndProject
Global
	GlobalSection(SolutionConfigurationPlatforms) = preSolution
		Debug|Any CPU = Debug|Any CPU
		Release|Any CPU = Release|Any CPU
	EndGlobalSection
	GlobalSection(ProjectConfigurationPlatforms) = postSolution
		{510CE021-A41E-42C9-B5CF-487D90586063}.Debug|Any CPU.ActiveCfg = Debug|Any CPU
		{510CE021-A41E-42C9-B5CF-487D90586063}.Debug|Any CPU.Build.0 = Debug|Any CPU
		{510CE021-A41E-42C9-B5CF-487D90586063}.Release|Any CPU.ActiveCfg = Release|Any CPU
		{510CE021-A41E-42C9-B5CF-487D90586063}.Release|Any CPU.Build.0 = Release|Any CPU
		{4CFD9285-889D-4E95-A709-3735487ACD4E}.Debug|Any CPU.ActiveCfg = Debug|Any CPU
		{4CFD9285-889D-4E95-A709-3735487ACD4E}.Debug|Any CPU.Build.0 = Debug|Any CPU
		{4CFD9285-889D-4E95-A709-3735487ACD4E}.Release|Any CPU.ActiveCfg = Release|Any CPU
		{4CFD9285-889D-4E95-A709-3735487ACD4E}.Release|Any CPU.Build.0 = Release|Any CPU
		{05B8EC03-29A1-4C48-8011-7F9E8325656B}.Debug|Any CPU.ActiveCfg = Debug|Any CPU
		{05B8EC03-29A1-4C48-8011-7F9E8325656B}.Debug|Any CPU.Build.0 = Debug|Any CPU
		{05B8EC03-29A1-4C48-8011-7F9E8325656B}.Release|Any CPU.ActiveCfg = Release|Any CPU
		{05B8EC03-29A1-4C48-8011-7F9E8325656B}.Release|Any CPU.Build.0 = Release|Any CPU
	EndGlobalSection
	GlobalSection(SolutionProperties) = preSolution
		HideSolutionNode = FALSE
	EndGlobalSection
	GlobalSection(ExtensibilityGlobals) = postSolution
		SolutionGuid = {CFF78655-FD97-4F41-A24D-647FB7D526F2}
	EndGlobalSection
EndGlobal
